// !$*UTF8*$!
{
	archiveVersion = 1;
	classes = {
	};
	objectVersion = 50;
	objects = {

/* Begin PBXBuildFile section */
		164E0F63EA0DE0F792757FD3 /* Pods_flixAppTests.framework in Frameworks */ = {isa = PBXBuildFile; fileRef = C905B9FE98363F6119DE35EB /* Pods_flixAppTests.framework */; };
		2C178AF325E08E5000801786 /* AppDelegate.swift in Sources */ = {isa = PBXBuildFile; fileRef = 2C178AF225E08E5000801786 /* AppDelegate.swift */; };
		2C178AF525E08E5000801786 /* SceneDelegate.swift in Sources */ = {isa = PBXBuildFile; fileRef = 2C178AF425E08E5000801786 /* SceneDelegate.swift */; };
		2C178AFA25E08E5000801786 /* Main.storyboard in Resources */ = {isa = PBXBuildFile; fileRef = 2C178AF825E08E5000801786 /* Main.storyboard */; };
		2C178AFC25E08E5A00801786 /* Assets.xcassets in Resources */ = {isa = PBXBuildFile; fileRef = 2C178AFB25E08E5A00801786 /* Assets.xcassets */; };
		2C178AFF25E08E5A00801786 /* LaunchScreen.storyboard in Resources */ = {isa = PBXBuildFile; fileRef = 2C178AFD25E08E5A00801786 /* LaunchScreen.storyboard */; };
		2C178B0A25E08E5A00801786 /* flixAppTests.swift in Sources */ = {isa = PBXBuildFile; fileRef = 2C178B0925E08E5A00801786 /* flixAppTests.swift */; };
		2C178B1525E08E5B00801786 /* flixAppUITests.swift in Sources */ = {isa = PBXBuildFile; fileRef = 2C178B1425E08E5B00801786 /* flixAppUITests.swift */; };
		2C178B2625E0907400801786 /* MoviesViewController.swift in Sources */ = {isa = PBXBuildFile; fileRef = 2C178B2525E0907400801786 /* MoviesViewController.swift */; };
		2C178B3325E0A8A000801786 /* MovieCell.swift in Sources */ = {isa = PBXBuildFile; fileRef = 2C178B3225E0A8A000801786 /* MovieCell.swift */; };
		7020165338ED238CC7EF4DE7 /* Pods_flixApp_flixAppUITests.framework in Frameworks */ = {isa = PBXBuildFile; fileRef = B73526772E799E4F3125A458 /* Pods_flixApp_flixAppUITests.framework */; };
		7DDC96F5F5B53D55091F7657 /* Pods_flixApp.framework in Frameworks */ = {isa = PBXBuildFile; fileRef = D44E2CBFD876EC9862FA023C /* Pods_flixApp.framework */; };
/* End PBXBuildFile section */

/* Begin PBXContainerItemProxy section */
		2C178B0625E08E5A00801786 /* PBXContainerItemProxy */ = {
			isa = PBXContainerItemProxy;
			containerPortal = 2C178AE725E08E5000801786 /* Project object */;
			proxyType = 1;
			remoteGlobalIDString = 2C178AEE25E08E5000801786;
			remoteInfo = flixApp;
		};
		2C178B1125E08E5B00801786 /* PBXContainerItemProxy */ = {
			isa = PBXContainerItemProxy;
			containerPortal = 2C178AE725E08E5000801786 /* Project object */;
			proxyType = 1;
			remoteGlobalIDString = 2C178AEE25E08E5000801786;
			remoteInfo = flixApp;
		};
/* End PBXContainerItemProxy section */

/* Begin PBXFileReference section */
		18C30151C6FD7F3DA397B125 /* Pods-flixAppTests.release.xcconfig */ = {isa = PBXFileReference; includeInIndex = 1; lastKnownFileType = text.xcconfig; name = "Pods-flixAppTests.release.xcconfig"; path = "Target Support Files/Pods-flixAppTests/Pods-flixAppTests.release.xcconfig"; sourceTree = "<group>"; };
		2C178AEF25E08E5000801786 /* flixApp.app */ = {isa = PBXFileReference; explicitFileType = wrapper.application; includeInIndex = 0; path = flixApp.app; sourceTree = BUILT_PRODUCTS_DIR; };
		2C178AF225E08E5000801786 /* AppDelegate.swift */ = {isa = PBXFileReference; lastKnownFileType = sourcecode.swift; path = AppDelegate.swift; sourceTree = "<group>"; };
		2C178AF425E08E5000801786 /* SceneDelegate.swift */ = {isa = PBXFileReference; lastKnownFileType = sourcecode.swift; path = SceneDelegate.swift; sourceTree = "<group>"; };
		2C178AF925E08E5000801786 /* Base */ = {isa = PBXFileReference; lastKnownFileType = file.storyboard; name = Base; path = Base.lproj/Main.storyboard; sourceTree = "<group>"; };
		2C178AFB25E08E5A00801786 /* Assets.xcassets */ = {isa = PBXFileReference; lastKnownFileType = folder.assetcatalog; path = Assets.xcassets; sourceTree = "<group>"; };
		2C178AFE25E08E5A00801786 /* Base */ = {isa = PBXFileReference; lastKnownFileType = file.storyboard; name = Base; path = Base.lproj/LaunchScreen.storyboard; sourceTree = "<group>"; };
		2C178B0025E08E5A00801786 /* Info.plist */ = {isa = PBXFileReference; lastKnownFileType = text.plist.xml; path = Info.plist; sourceTree = "<group>"; };
		2C178B0525E08E5A00801786 /* flixAppTests.xctest */ = {isa = PBXFileReference; explicitFileType = wrapper.cfbundle; includeInIndex = 0; path = flixAppTests.xctest; sourceTree = BUILT_PRODUCTS_DIR; };
		2C178B0925E08E5A00801786 /* flixAppTests.swift */ = {isa = PBXFileReference; lastKnownFileType = sourcecode.swift; path = flixAppTests.swift; sourceTree = "<group>"; };
		2C178B0B25E08E5A00801786 /* Info.plist */ = {isa = PBXFileReference; lastKnownFileType = text.plist.xml; path = Info.plist; sourceTree = "<group>"; };
		2C178B1025E08E5A00801786 /* flixAppUITests.xctest */ = {isa = PBXFileReference; explicitFileType = wrapper.cfbundle; includeInIndex = 0; path = flixAppUITests.xctest; sourceTree = BUILT_PRODUCTS_DIR; };
		2C178B1425E08E5B00801786 /* flixAppUITests.swift */ = {isa = PBXFileReference; lastKnownFileType = sourcecode.swift; path = flixAppUITests.swift; sourceTree = "<group>"; };
		2C178B1625E08E5B00801786 /* Info.plist */ = {isa = PBXFileReference; lastKnownFileType = text.plist.xml; path = Info.plist; sourceTree = "<group>"; };
		2C178B2525E0907400801786 /* MoviesViewController.swift */ = {isa = PBXFileReference; lastKnownFileType = sourcecode.swift; path = MoviesViewController.swift; sourceTree = "<group>"; };
		2C178B3225E0A8A000801786 /* MovieCell.swift */ = {isa = PBXFileReference; lastKnownFileType = sourcecode.swift; path = MovieCell.swift; sourceTree = "<group>"; };
		552CA37A363DEE28FC0C4913 /* Pods-flixApp.debug.xcconfig */ = {isa = PBXFileReference; includeInIndex = 1; lastKnownFileType = text.xcconfig; name = "Pods-flixApp.debug.xcconfig"; path = "Target Support Files/Pods-flixApp/Pods-flixApp.debug.xcconfig"; sourceTree = "<group>"; };
		65A71880D3BD9B44519322EE /* Pods-flixAppTests.debug.xcconfig */ = {isa = PBXFileReference; includeInIndex = 1; lastKnownFileType = text.xcconfig; name = "Pods-flixAppTests.debug.xcconfig"; path = "Target Support Files/Pods-flixAppTests/Pods-flixAppTests.debug.xcconfig"; sourceTree = "<group>"; };
		9A1DD0969F3CB4C18AD754E5 /* Pods-flixApp.release.xcconfig */ = {isa = PBXFileReference; includeInIndex = 1; lastKnownFileType = text.xcconfig; name = "Pods-flixApp.release.xcconfig"; path = "Target Support Files/Pods-flixApp/Pods-flixApp.release.xcconfig"; sourceTree = "<group>"; };
		B43817BEEECEFEBD95D105AC /* Pods-flixApp-flixAppUITests.debug.xcconfig */ = {isa = PBXFileReference; includeInIndex = 1; lastKnownFileType = text.xcconfig; name = "Pods-flixApp-flixAppUITests.debug.xcconfig"; path = "Target Support Files/Pods-flixApp-flixAppUITests/Pods-flixApp-flixAppUITests.debug.xcconfig"; sourceTree = "<group>"; };
		B73526772E799E4F3125A458 /* Pods_flixApp_flixAppUITests.framework */ = {isa = PBXFileReference; explicitFileType = wrapper.framework; includeInIndex = 0; path = Pods_flixApp_flixAppUITests.framework; sourceTree = BUILT_PRODUCTS_DIR; };
		C3858BEA320447AFF3B02B1A /* Pods-flixApp-flixAppUITests.release.xcconfig */ = {isa = PBXFileReference; includeInIndex = 1; lastKnownFileType = text.xcconfig; name = "Pods-flixApp-flixAppUITests.release.xcconfig"; path = "Target Support Files/Pods-flixApp-flixAppUITests/Pods-flixApp-flixAppUITests.release.xcconfig"; sourceTree = "<group>"; };
		C905B9FE98363F6119DE35EB /* Pods_flixAppTests.framework */ = {isa = PBXFileReference; explicitFileType = wrapper.framework; includeInIndex = 0; path = Pods_flixAppTests.framework; sourceTree = BUILT_PRODUCTS_DIR; };
		D44E2CBFD876EC9862FA023C /* Pods_flixApp.framework */ = {isa = PBXFileReference; explicitFileType = wrapper.framework; includeInIndex = 0; path = Pods_flixApp.framework; sourceTree = BUILT_PRODUCTS_DIR; };
/* End PBXFileReference section */

/* Begin PBXFrameworksBuildPhase section */
		2C178AEC25E08E5000801786 /* Frameworks */ = {
			isa = PBXFrameworksBuildPhase;
			buildActionMask = 2147483647;
			files = (
				7DDC96F5F5B53D55091F7657 /* Pods_flixApp.framework in Frameworks */,
			);
			runOnlyForDeploymentPostprocessing = 0;
		};
		2C178B0225E08E5A00801786 /* Frameworks */ = {
			isa = PBXFrameworksBuildPhase;
			buildActionMask = 2147483647;
			files = (
				164E0F63EA0DE0F792757FD3 /* Pods_flixAppTests.framework in Frameworks */,
			);
			runOnlyForDeploymentPostprocessing = 0;
		};
		2C178B0D25E08E5A00801786 /* Frameworks */ = {
			isa = PBXFrameworksBuildPhase;
			buildActionMask = 2147483647;
			files = (
				7020165338ED238CC7EF4DE7 /* Pods_flixApp_flixAppUITests.framework in Frameworks */,
			);
			runOnlyForDeploymentPostprocessing = 0;
		};
/* End PBXFrameworksBuildPhase section */

/* Begin PBXGroup section */
		2C178AE625E08E5000801786 = {
			isa = PBXGroup;
			children = (
				2C178AF125E08E5000801786 /* flixApp */,
				2C178B0825E08E5A00801786 /* flixAppTests */,
				2C178B1325E08E5B00801786 /* flixAppUITests */,
				2C178AF025E08E5000801786 /* Products */,
				96C58E837E5D93B69967F561 /* Pods */,
				A9E2FD4479C371C83A24578C /* Frameworks */,
			);
			sourceTree = "<group>";
		};
		2C178AF025E08E5000801786 /* Products */ = {
			isa = PBXGroup;
			children = (
				2C178AEF25E08E5000801786 /* flixApp.app */,
				2C178B0525E08E5A00801786 /* flixAppTests.xctest */,
				2C178B1025E08E5A00801786 /* flixAppUITests.xctest */,
			);
			name = Products;
			sourceTree = "<group>";
		};
		2C178AF125E08E5000801786 /* flixApp */ = {
			isa = PBXGroup;
			children = (
				2C178AF225E08E5000801786 /* AppDelegate.swift */,
				2C178AF425E08E5000801786 /* SceneDelegate.swift */,
				2C178AF825E08E5000801786 /* Main.storyboard */,
				2C178AFB25E08E5A00801786 /* Assets.xcassets */,
				2C178AFD25E08E5A00801786 /* LaunchScreen.storyboard */,
				2C178B0025E08E5A00801786 /* Info.plist */,
				2C178B2525E0907400801786 /* MoviesViewController.swift */,
				2C178B3225E0A8A000801786 /* MovieCell.swift */,
			);
			path = flixApp;
			sourceTree = "<group>";
		};
		2C178B0825E08E5A00801786 /* flixAppTests */ = {
			isa = PBXGroup;
			children = (
				2C178B0925E08E5A00801786 /* flixAppTests.swift */,
				2C178B0B25E08E5A00801786 /* Info.plist */,
			);
			path = flixAppTests;
			sourceTree = "<group>";
		};
		2C178B1325E08E5B00801786 /* flixAppUITests */ = {
			isa = PBXGroup;
			children = (
				2C178B1425E08E5B00801786 /* flixAppUITests.swift */,
				2C178B1625E08E5B00801786 /* Info.plist */,
			);
			path = flixAppUITests;
			sourceTree = "<group>";
		};
		96C58E837E5D93B69967F561 /* Pods */ = {
			isa = PBXGroup;
			children = (
				552CA37A363DEE28FC0C4913 /* Pods-flixApp.debug.xcconfig */,
				9A1DD0969F3CB4C18AD754E5 /* Pods-flixApp.release.xcconfig */,
				B43817BEEECEFEBD95D105AC /* Pods-flixApp-flixAppUITests.debug.xcconfig */,
				C3858BEA320447AFF3B02B1A /* Pods-flixApp-flixAppUITests.release.xcconfig */,
				65A71880D3BD9B44519322EE /* Pods-flixAppTests.debug.xcconfig */,
				18C30151C6FD7F3DA397B125 /* Pods-flixAppTests.release.xcconfig */,
			);
			name = Pods;
			path = Pods;
			sourceTree = "<group>";
		};
		A9E2FD4479C371C83A24578C /* Frameworks */ = {
			isa = PBXGroup;
			children = (
				D44E2CBFD876EC9862FA023C /* Pods_flixApp.framework */,
				B73526772E799E4F3125A458 /* Pods_flixApp_flixAppUITests.framework */,
				C905B9FE98363F6119DE35EB /* Pods_flixAppTests.framework */,
			);
			name = Frameworks;
			sourceTree = "<group>";
		};
/* End PBXGroup section */

/* Begin PBXNativeTarget section */
		2C178AEE25E08E5000801786 /* flixApp */ = {
			isa = PBXNativeTarget;
			buildConfigurationList = 2C178B1925E08E5B00801786 /* Build configuration list for PBXNativeTarget "flixApp" */;
			buildPhases = (
				EA4342DA8FA025800CFC645C /* [CP] Check Pods Manifest.lock */,
				2C178AEB25E08E5000801786 /* Sources */,
				2C178AEC25E08E5000801786 /* Frameworks */,
				2C178AED25E08E5000801786 /* Resources */,
				16764C6D4BFC4C710AC3666C /* [CP] Embed Pods Frameworks */,
			);
			buildRules = (
			);
			dependencies = (
			);
			name = flixApp;
			productName = flixApp;
			productReference = 2C178AEF25E08E5000801786 /* flixApp.app */;
			productType = "com.apple.product-type.application";
		};
		2C178B0425E08E5A00801786 /* flixAppTests */ = {
			isa = PBXNativeTarget;
			buildConfigurationList = 2C178B1C25E08E5B00801786 /* Build configuration list for PBXNativeTarget "flixAppTests" */;
			buildPhases = (
				1E1B3B75D6DE6FE9A6ADE1B0 /* [CP] Check Pods Manifest.lock */,
				2C178B0125E08E5A00801786 /* Sources */,
				2C178B0225E08E5A00801786 /* Frameworks */,
				2C178B0325E08E5A00801786 /* Resources */,
			);
			buildRules = (
			);
			dependencies = (
				2C178B0725E08E5A00801786 /* PBXTargetDependency */,
			);
			name = flixAppTests;
			productName = flixAppTests;
			productReference = 2C178B0525E08E5A00801786 /* flixAppTests.xctest */;
			productType = "com.apple.product-type.bundle.unit-test";
		};
		2C178B0F25E08E5A00801786 /* flixAppUITests */ = {
			isa = PBXNativeTarget;
			buildConfigurationList = 2C178B1F25E08E5B00801786 /* Build configuration list for PBXNativeTarget "flixAppUITests" */;
			buildPhases = (
				26CAC0E594430409043A1194 /* [CP] Check Pods Manifest.lock */,
				2C178B0C25E08E5A00801786 /* Sources */,
				2C178B0D25E08E5A00801786 /* Frameworks */,
				2C178B0E25E08E5A00801786 /* Resources */,
				4575869CA16AC4EF4E35818A /* [CP] Embed Pods Frameworks */,
			);
			buildRules = (
			);
			dependencies = (
				2C178B1225E08E5B00801786 /* PBXTargetDependency */,
			);
			name = flixAppUITests;
			productName = flixAppUITests;
			productReference = 2C178B1025E08E5A00801786 /* flixAppUITests.xctest */;
			productType = "com.apple.product-type.bundle.ui-testing";
		};
/* End PBXNativeTarget section */

/* Begin PBXProject section */
		2C178AE725E08E5000801786 /* Project object */ = {
			isa = PBXProject;
			attributes = {
				LastSwiftUpdateCheck = 1220;
				LastUpgradeCheck = 1220;
				TargetAttributes = {
					2C178AEE25E08E5000801786 = {
						CreatedOnToolsVersion = 12.2;
					};
					2C178B0425E08E5A00801786 = {
						CreatedOnToolsVersion = 12.2;
						TestTargetID = 2C178AEE25E08E5000801786;
					};
					2C178B0F25E08E5A00801786 = {
						CreatedOnToolsVersion = 12.2;
						TestTargetID = 2C178AEE25E08E5000801786;
					};
				};
			};
			buildConfigurationList = 2C178AEA25E08E5000801786 /* Build configuration list for PBXProject "flixApp" */;
			compatibilityVersion = "Xcode 9.3";
			developmentRegion = en;
			hasScannedForEncodings = 0;
			knownRegions = (
				en,
				Base,
			);
			mainGroup = 2C178AE625E08E5000801786;
			productRefGroup = 2C178AF025E08E5000801786 /* Products */;
			projectDirPath = "";
			projectRoot = "";
			targets = (
				2C178AEE25E08E5000801786 /* flixApp */,
				2C178B0425E08E5A00801786 /* flixAppTests */,
				2C178B0F25E08E5A00801786 /* flixAppUITests */,
			);
		};
/* End PBXProject section */

/* Begin PBXResourcesBuildPhase section */
		2C178AED25E08E5000801786 /* Resources */ = {
			isa = PBXResourcesBuildPhase;
			buildActionMask = 2147483647;
			files = (
				2C178AFF25E08E5A00801786 /* LaunchScreen.storyboard in Resources */,
				2C178AFC25E08E5A00801786 /* Assets.xcassets in Resources */,
				2C178AFA25E08E5000801786 /* Main.storyboard in Resources */,
			);
			runOnlyForDeploymentPostprocessing = 0;
		};
		2C178B0325E08E5A00801786 /* Resources */ = {
			isa = PBXResourcesBuildPhase;
			buildActionMask = 2147483647;
			files = (
			);
			runOnlyForDeploymentPostprocessing = 0;
		};
		2C178B0E25E08E5A00801786 /* Resources */ = {
			isa = PBXResourcesBuildPhase;
			buildActionMask = 2147483647;
			files = (
			);
			runOnlyForDeploymentPostprocessing = 0;
		};
/* End PBXResourcesBuildPhase section */

/* Begin PBXShellScriptBuildPhase section */
		16764C6D4BFC4C710AC3666C /* [CP] Embed Pods Frameworks */ = {
			isa = PBXShellScriptBuildPhase;
			buildActionMask = 2147483647;
			files = (
			);
			inputFileListPaths = (
				"${PODS_ROOT}/Target Support Files/Pods-flixApp/Pods-flixApp-frameworks-${CONFIGURATION}-input-files.xcfilelist",
			);
			name = "[CP] Embed Pods Frameworks";
			outputFileListPaths = (
				"${PODS_ROOT}/Target Support Files/Pods-flixApp/Pods-flixApp-frameworks-${CONFIGURATION}-output-files.xcfilelist",
			);
			runOnlyForDeploymentPostprocessing = 0;
			shellPath = /bin/sh;
			shellScript = "\"${PODS_ROOT}/Target Support Files/Pods-flixApp/Pods-flixApp-frameworks.sh\"\n";
			showEnvVarsInLog = 0;
		};
		1E1B3B75D6DE6FE9A6ADE1B0 /* [CP] Check Pods Manifest.lock */ = {
			isa = PBXShellScriptBuildPhase;
			buildActionMask = 2147483647;
			files = (
			);
			inputFileListPaths = (
			);
			inputPaths = (
				"${PODS_PODFILE_DIR_PATH}/Podfile.lock",
				"${PODS_ROOT}/Manifest.lock",
			);
			name = "[CP] Check Pods Manifest.lock";
			outputFileListPaths = (
			);
			outputPaths = (
				"$(DERIVED_FILE_DIR)/Pods-flixAppTests-checkManifestLockResult.txt",
			);
			runOnlyForDeploymentPostprocessing = 0;
			shellPath = /bin/sh;
			shellScript = "diff \"${PODS_PODFILE_DIR_PATH}/Podfile.lock\" \"${PODS_ROOT}/Manifest.lock\" > /dev/null\nif [ $? != 0 ] ; then\n    # print error to STDERR\n    echo \"error: The sandbox is not in sync with the Podfile.lock. Run 'pod install' or update your CocoaPods installation.\" >&2\n    exit 1\nfi\n# This output is used by Xcode 'outputs' to avoid re-running this script phase.\necho \"SUCCESS\" > \"${SCRIPT_OUTPUT_FILE_0}\"\n";
			showEnvVarsInLog = 0;
		};
		26CAC0E594430409043A1194 /* [CP] Check Pods Manifest.lock */ = {
			isa = PBXShellScriptBuildPhase;
			buildActionMask = 2147483647;
			files = (
			);
			inputFileListPaths = (
			);
			inputPaths = (
				"${PODS_PODFILE_DIR_PATH}/Podfile.lock",
				"${PODS_ROOT}/Manifest.lock",
			);
			name = "[CP] Check Pods Manifest.lock";
			outputFileListPaths = (
			);
			outputPaths = (
				"$(DERIVED_FILE_DIR)/Pods-flixApp-flixAppUITests-checkManifestLockResult.txt",
			);
			runOnlyForDeploymentPostprocessing = 0;
			shellPath = /bin/sh;
			shellScript = "diff \"${PODS_PODFILE_DIR_PATH}/Podfile.lock\" \"${PODS_ROOT}/Manifest.lock\" > /dev/null\nif [ $? != 0 ] ; then\n    # print error to STDERR\n    echo \"error: The sandbox is not in sync with the Podfile.lock. Run 'pod install' or update your CocoaPods installation.\" >&2\n    exit 1\nfi\n# This output is used by Xcode 'outputs' to avoid re-running this script phase.\necho \"SUCCESS\" > \"${SCRIPT_OUTPUT_FILE_0}\"\n";
			showEnvVarsInLog = 0;
		};
		4575869CA16AC4EF4E35818A /* [CP] Embed Pods Frameworks */ = {
			isa = PBXShellScriptBuildPhase;
			buildActionMask = 2147483647;
			files = (
			);
			inputFileListPaths = (
				"${PODS_ROOT}/Target Support Files/Pods-flixApp-flixAppUITests/Pods-flixApp-flixAppUITests-frameworks-${CONFIGURATION}-input-files.xcfilelist",
			);
			name = "[CP] Embed Pods Frameworks";
			outputFileListPaths = (
				"${PODS_ROOT}/Target Support Files/Pods-flixApp-flixAppUITests/Pods-flixApp-flixAppUITests-frameworks-${CONFIGURATION}-output-files.xcfilelist",
			);
			runOnlyForDeploymentPostprocessing = 0;
			shellPath = /bin/sh;
			shellScript = "\"${PODS_ROOT}/Target Support Files/Pods-flixApp-flixAppUITests/Pods-flixApp-flixAppUITests-frameworks.sh\"\n";
			showEnvVarsInLog = 0;
		};
		EA4342DA8FA025800CFC645C /* [CP] Check Pods Manifest.lock */ = {
			isa = PBXShellScriptBuildPhase;
			buildActionMask = 2147483647;
			files = (
			);
			inputFileListPaths = (
			);
			inputPaths = (
				"${PODS_PODFILE_DIR_PATH}/Podfile.lock",
				"${PODS_ROOT}/Manifest.lock",
			);
			name = "[CP] Check Pods Manifest.lock";
			outputFileListPaths = (
			);
			outputPaths = (
				"$(DERIVED_FILE_DIR)/Pods-flixApp-checkManifestLockResult.txt",
			);
			runOnlyForDeploymentPostprocessing = 0;
			shellPath = /bin/sh;
			shellScript = "diff \"${PODS_PODFILE_DIR_PATH}/Podfile.lock\" \"${PODS_ROOT}/Manifest.lock\" > /dev/null\nif [ $? != 0 ] ; then\n    # print error to STDERR\n    echo \"error: The sandbox is not in sync with the Podfile.lock. Run 'pod install' or update your CocoaPods installation.\" >&2\n    exit 1\nfi\n# This output is used by Xcode 'outputs' to avoid re-running this script phase.\necho \"SUCCESS\" > \"${SCRIPT_OUTPUT_FILE_0}\"\n";
			showEnvVarsInLog = 0;
		};
/* End PBXShellScriptBuildPhase section */

/* Begin PBXSourcesBuildPhase section */
		2C178AEB25E08E5000801786 /* Sources */ = {
			isa = PBXSourcesBuildPhase;
			buildActionMask = 2147483647;
			files = (
				2C178AF325E08E5000801786 /* AppDelegate.swift in Sources */,
				2C178AF525E08E5000801786 /* SceneDelegate.swift in Sources */,
				2C178B3325E0A8A000801786 /* MovieCell.swift in Sources */,
				2C178B2625E0907400801786 /* MoviesViewController.swift in Sources */,
			);
			runOnlyForDeploymentPostprocessing = 0;
		};
		2C178B0125E08E5A00801786 /* Sources */ = {
			isa = PBXSourcesBuildPhase;
			buildActionMask = 2147483647;
			files = (
				2C178B0A25E08E5A00801786 /* flixAppTests.swift in Sources */,
			);
			runOnlyForDeploymentPostprocessing = 0;
		};
		2C178B0C25E08E5A00801786 /* Sources */ = {
			isa = PBXSourcesBuildPhase;
			buildActionMask = 2147483647;
			files = (
				2C178B1525E08E5B00801786 /* flixAppUITests.swift in Sources */,
			);
			runOnlyForDeploymentPostprocessing = 0;
		};
/* End PBXSourcesBuildPhase section */

/* Begin PBXTargetDependency section */
		2C178B0725E08E5A00801786 /* PBXTargetDependency */ = {
			isa = PBXTargetDependency;
			target = 2C178AEE25E08E5000801786 /* flixApp */;
			targetProxy = 2C178B0625E08E5A00801786 /* PBXContainerItemProxy */;
		};
		2C178B1225E08E5B00801786 /* PBXTargetDependency */ = {
			isa = PBXTargetDependency;
			target = 2C178AEE25E08E5000801786 /* flixApp */;
			targetProxy = 2C178B1125E08E5B00801786 /* PBXContainerItemProxy */;
		};
/* End PBXTargetDependency section */

/* Begin PBXVariantGroup section */
		2C178AF825E08E5000801786 /* Main.storyboard */ = {
			isa = PBXVariantGroup;
			children = (
				2C178AF925E08E5000801786 /* Base */,
			);
			name = Main.storyboard;
			sourceTree = "<group>";
		};
		2C178AFD25E08E5A00801786 /* LaunchScreen.storyboard */ = {
			isa = PBXVariantGroup;
			children = (
				2C178AFE25E08E5A00801786 /* Base */,
			);
			name = LaunchScreen.storyboard;
			sourceTree = "<group>";
		};
/* End PBXVariantGroup section */

/* Begin XCBuildConfiguration section */
		2C178B1725E08E5B00801786 /* Debug */ = {
			isa = XCBuildConfiguration;
			buildSettings = {
				ALWAYS_SEARCH_USER_PATHS = NO;
				CLANG_ANALYZER_NONNULL = YES;
				CLANG_ANALYZER_NUMBER_OBJECT_CONVERSION = YES_AGGRESSIVE;
				CLANG_CXX_LANGUAGE_STANDARD = "gnu++14";
				CLANG_CXX_LIBRARY = "libc++";
				CLANG_ENABLE_MODULES = YES;
				CLANG_ENABLE_OBJC_ARC = YES;
				CLANG_ENABLE_OBJC_WEAK = YES;
				CLANG_WARN_BLOCK_CAPTURE_AUTORELEASING = YES;
				CLANG_WARN_BOOL_CONVERSION = YES;
				CLANG_WARN_COMMA = YES;
				CLANG_WARN_CONSTANT_CONVERSION = YES;
				CLANG_WARN_DEPRECATED_OBJC_IMPLEMENTATIONS = YES;
				CLANG_WARN_DIRECT_OBJC_ISA_USAGE = YES_ERROR;
				CLANG_WARN_DOCUMENTATION_COMMENTS = YES;
				CLANG_WARN_EMPTY_BODY = YES;
				CLANG_WARN_ENUM_CONVERSION = YES;
				CLANG_WARN_INFINITE_RECURSION = YES;
				CLANG_WARN_INT_CONVERSION = YES;
				CLANG_WARN_NON_LITERAL_NULL_CONVERSION = YES;
				CLANG_WARN_OBJC_IMPLICIT_RETAIN_SELF = YES;
				CLANG_WARN_OBJC_LITERAL_CONVERSION = YES;
				CLANG_WARN_OBJC_ROOT_CLASS = YES_ERROR;
				CLANG_WARN_QUOTED_INCLUDE_IN_FRAMEWORK_HEADER = YES;
				CLANG_WARN_RANGE_LOOP_ANALYSIS = YES;
				CLANG_WARN_STRICT_PROTOTYPES = YES;
				CLANG_WARN_SUSPICIOUS_MOVE = YES;
				CLANG_WARN_UNGUARDED_AVAILABILITY = YES_AGGRESSIVE;
				CLANG_WARN_UNREACHABLE_CODE = YES;
				CLANG_WARN__DUPLICATE_METHOD_MATCH = YES;
				COPY_PHASE_STRIP = NO;
				DEBUG_INFORMATION_FORMAT = dwarf;
				ENABLE_STRICT_OBJC_MSGSEND = YES;
				ENABLE_TESTABILITY = YES;
				GCC_C_LANGUAGE_STANDARD = gnu11;
				GCC_DYNAMIC_NO_PIC = NO;
				GCC_NO_COMMON_BLOCKS = YES;
				GCC_OPTIMIZATION_LEVEL = 0;
				GCC_PREPROCESSOR_DEFINITIONS = (
					"DEBUG=1",
					"$(inherited)",
				);
				GCC_WARN_64_TO_32_BIT_CONVERSION = YES;
				GCC_WARN_ABOUT_RETURN_TYPE = YES_ERROR;
				GCC_WARN_UNDECLARED_SELECTOR = YES;
				GCC_WARN_UNINITIALIZED_AUTOS = YES_AGGRESSIVE;
				GCC_WARN_UNUSED_FUNCTION = YES;
				GCC_WARN_UNUSED_VARIABLE = YES;
				IPHONEOS_DEPLOYMENT_TARGET = 14.2;
				MTL_ENABLE_DEBUG_INFO = INCLUDE_SOURCE;
				MTL_FAST_MATH = YES;
				ONLY_ACTIVE_ARCH = YES;
				SDKROOT = iphoneos;
				SWIFT_ACTIVE_COMPILATION_CONDITIONS = DEBUG;
				SWIFT_OPTIMIZATION_LEVEL = "-Onone";
			};
			name = Debug;
		};
		2C178B1825E08E5B00801786 /* Release */ = {
			isa = XCBuildConfiguration;
			buildSettings = {
				ALWAYS_SEARCH_USER_PATHS = NO;
				CLANG_ANALYZER_NONNULL = YES;
				CLANG_ANALYZER_NUMBER_OBJECT_CONVERSION = YES_AGGRESSIVE;
				CLANG_CXX_LANGUAGE_STANDARD = "gnu++14";
				CLANG_CXX_LIBRARY = "libc++";
				CLANG_ENABLE_MODULES = YES;
				CLANG_ENABLE_OBJC_ARC = YES;
				CLANG_ENABLE_OBJC_WEAK = YES;
				CLANG_WARN_BLOCK_CAPTURE_AUTORELEASING = YES;
				CLANG_WARN_BOOL_CONVERSION = YES;
				CLANG_WARN_COMMA = YES;
				CLANG_WARN_CONSTANT_CONVERSION = YES;
				CLANG_WARN_DEPRECATED_OBJC_IMPLEMENTATIONS = YES;
				CLANG_WARN_DIRECT_OBJC_ISA_USAGE = YES_ERROR;
				CLANG_WARN_DOCUMENTATION_COMMENTS = YES;
				CLANG_WARN_EMPTY_BODY = YES;
				CLANG_WARN_ENUM_CONVERSION = YES;
				CLANG_WARN_INFINITE_RECURSION = YES;
				CLANG_WARN_INT_CONVERSION = YES;
				CLANG_WARN_NON_LITERAL_NULL_CONVERSION = YES;
				CLANG_WARN_OBJC_IMPLICIT_RETAIN_SELF = YES;
				CLANG_WARN_OBJC_LITERAL_CONVERSION = YES;
				CLANG_WARN_OBJC_ROOT_CLASS = YES_ERROR;
				CLANG_WARN_QUOTED_INCLUDE_IN_FRAMEWORK_HEADER = YES;
				CLANG_WARN_RANGE_LOOP_ANALYSIS = YES;
				CLANG_WARN_STRICT_PROTOTYPES = YES;
				CLANG_WARN_SUSPICIOUS_MOVE = YES;
				CLANG_WARN_UNGUARDED_AVAILABILITY = YES_AGGRESSIVE;
				CLANG_WARN_UNREACHABLE_CODE = YES;
				CLANG_WARN__DUPLICATE_METHOD_MATCH = YES;
				COPY_PHASE_STRIP = NO;
				DEBUG_INFORMATION_FORMAT = "dwarf-with-dsym";
				ENABLE_NS_ASSERTIONS = NO;
				ENABLE_STRICT_OBJC_MSGSEND = YES;
				GCC_C_LANGUAGE_STANDARD = gnu11;
				GCC_NO_COMMON_BLOCKS = YES;
				GCC_WARN_64_TO_32_BIT_CONVERSION = YES;
				GCC_WARN_ABOUT_RETURN_TYPE = YES_ERROR;
				GCC_WARN_UNDECLARED_SELECTOR = YES;
				GCC_WARN_UNINITIALIZED_AUTOS = YES_AGGRESSIVE;
				GCC_WARN_UNUSED_FUNCTION = YES;
				GCC_WARN_UNUSED_VARIABLE = YES;
				IPHONEOS_DEPLOYMENT_TARGET = 14.2;
				MTL_ENABLE_DEBUG_INFO = NO;
				MTL_FAST_MATH = YES;
				SDKROOT = iphoneos;
				SWIFT_COMPILATION_MODE = wholemodule;
				SWIFT_OPTIMIZATION_LEVEL = "-O";
				VALIDATE_PRODUCT = YES;
			};
			name = Release;
		};
		2C178B1A25E08E5B00801786 /* Debug */ = {
			isa = XCBuildConfiguration;
			baseConfigurationReference = 552CA37A363DEE28FC0C4913 /* Pods-flixApp.debug.xcconfig */;
			buildSettings = {
				ASSETCATALOG_COMPILER_APPICON_NAME = AppIcon;
				ASSETCATALOG_COMPILER_GLOBAL_ACCENT_COLOR_NAME = AccentColor;
				CODE_SIGN_STYLE = Automatic;
				INFOPLIST_FILE = flixApp/Info.plist;
				LD_RUNPATH_SEARCH_PATHS = (
					"$(inherited)",
					"@executable_path/Frameworks",
				);
				PRODUCT_BUNDLE_IDENTIFIER = Codepath.flixApp;
				PRODUCT_NAME = "$(TARGET_NAME)";
				SWIFT_VERSION = 5.0;
				TARGETED_DEVICE_FAMILY = "1,2";
			};
			name = Debug;
		};
		2C178B1B25E08E5B00801786 /* Release */ = {
			isa = XCBuildConfiguration;
			baseConfigurationReference = 9A1DD0969F3CB4C18AD754E5 /* Pods-flixApp.release.xcconfig */;
			buildSettings = {
				ASSETCATALOG_COMPILER_APPICON_NAME = AppIcon;
				ASSETCATALOG_COMPILER_GLOBAL_ACCENT_COLOR_NAME = AccentColor;
				CODE_SIGN_STYLE = Automatic;
				INFOPLIST_FILE = flixApp/Info.plist;
				LD_RUNPATH_SEARCH_PATHS = (
					"$(inherited)",
					"@executable_path/Frameworks",
				);
				PRODUCT_BUNDLE_IDENTIFIER = Codepath.flixApp;
				PRODUCT_NAME = "$(TARGET_NAME)";
				SWIFT_VERSION = 5.0;
				TARGETED_DEVICE_FAMILY = "1,2";
			};
			name = Release;
		};
		2C178B1D25E08E5B00801786 /* Debug */ = {
			isa = XCBuildConfiguration;
			baseConfigurationReference = 65A71880D3BD9B44519322EE /* Pods-flixAppTests.debug.xcconfig */;
			buildSettings = {
				ALWAYS_EMBED_SWIFT_STANDARD_LIBRARIES = YES;
				BUNDLE_LOADER = "$(TEST_HOST)";
				CODE_SIGN_STYLE = Automatic;
				INFOPLIST_FILE = flixAppTests/Info.plist;
				IPHONEOS_DEPLOYMENT_TARGET = 14.2;
				LD_RUNPATH_SEARCH_PATHS = (
					"$(inherited)",
					"@executable_path/Frameworks",
					"@loader_path/Frameworks",
				);
				PRODUCT_BUNDLE_IDENTIFIER = Codepath.flixAppTests;
				PRODUCT_NAME = "$(TARGET_NAME)";
				SWIFT_VERSION = 5.0;
				TARGETED_DEVICE_FAMILY = "1,2";
				TEST_HOST = "$(BUILT_PRODUCTS_DIR)/flixApp.app/flixApp";
			};
			name = Debug;
		};
		2C178B1E25E08E5B00801786 /* Release */ = {
			isa = XCBuildConfiguration;
			baseConfigurationReference = 18C30151C6FD7F3DA397B125 /* Pods-flixAppTests.release.xcconfig */;
			buildSettings = {
				ALWAYS_EMBED_SWIFT_STANDARD_LIBRARIES = YES;
				BUNDLE_LOADER = "$(TEST_HOST)";
				CODE_SIGN_STYLE = Automatic;
				INFOPLIST_FILE = flixAppTests/Info.plist;
				IPHONEOS_DEPLOYMENT_TARGET = 14.2;
				LD_RUNPATH_SEARCH_PATHS = (
					"$(inherited)",
					"@executable_path/Frameworks",
					"@loader_path/Frameworks",
				);
				PRODUCT_BUNDLE_IDENTIFIER = Codepath.flixAppTests;
				PRODUCT_NAME = "$(TARGET_NAME)";
				SWIFT_VERSION = 5.0;
				TARGETED_DEVICE_FAMILY = "1,2";
				TEST_HOST = "$(BUILT_PRODUCTS_DIR)/flixApp.app/flixApp";
			};
			name = Release;
		};
		2C178B2025E08E5B00801786 /* Debug */ = {
			isa = XCBuildConfiguration;
			baseConfigurationReference = B43817BEEECEFEBD95D105AC /* Pods-flixApp-flixAppUITests.debug.xcconfig */;
			buildSettings = {
				ALWAYS_EMBED_SWIFT_STANDARD_LIBRARIES = YES;
				CODE_SIGN_STYLE = Automatic;
				INFOPLIST_FILE = flixAppUITests/Info.plist;
				LD_RUNPATH_SEARCH_PATHS = (
					"$(inherited)",
					"@executable_path/Frameworks",
					"@loader_path/Frameworks",
				);
				PRODUCT_BUNDLE_IDENTIFIER = Codepath.flixAppUITests;
				PRODUCT_NAME = "$(TARGET_NAME)";
				SWIFT_VERSION = 5.0;
				TARGETED_DEVICE_FAMILY = "1,2";
				TEST_TARGET_NAME = flixApp;
			};
			name = Debug;
		};
		2C178B2125E08E5B00801786 /* Release */ = {
			isa = XCBuildConfiguration;
			baseConfigurationReference = C3858BEA320447AFF3B02B1A /* Pods-flixApp-flixAppUITests.release.xcconfig */;
			buildSettings = {
				ALWAYS_EMBED_SWIFT_STANDARD_LIBRARIES = YES;
				CODE_SIGN_STYLE = Automatic;
				INFOPLIST_FILE = flixAppUITests/Info.plist;
				LD_RUNPATH_SEARCH_PATHS = (
					"$(inherited)",
					"@executable_path/Frameworks",
					"@loader_path/Frameworks",
				);
				PRODUCT_BUNDLE_IDENTIFIER = Codepath.flixAppUITests;
				PRODUCT_NAME = "$(TARGET_NAME)";
				SWIFT_VERSION = 5.0;
				TARGETED_DEVICE_FAMILY = "1,2";
				TEST_TARGET_NAME = flixApp;
			};
			name = Release;
		};
/* End XCBuildConfiguration section */

/* Begin XCConfigurationList section */
		2C178AEA25E08E5000801786 /* Build configuration list for PBXProject "flixApp" */ = {
			isa = XCConfigurationList;
			buildConfigurations = (
				2C178B1725E08E5B00801786 /* Debug */,
				2C178B1825E08E5B00801786 /* Release */,
			);
			defaultConfigurationIsVisible = 0;
			defaultConfigurationName = Release;
		};
		2C178B1925E08E5B00801786 /* Build configuration list for PBXNativeTarget "flixApp" */ = {
			isa = XCConfigurationList;
			buildConfigurations = (
				2C178B1A25E08E5B00801786 /* Debug */,
				2C178B1B25E08E5B00801786 /* Release */,
			);
			defaultConfigurationIsVisible = 0;
			defaultConfigurationName = Release;
		};
		2C178B1C25E08E5B00801786 /* Build configuration list for PBXNativeTarget "flixAppTests" */ = {
			isa = XCConfigurationList;
			buildConfigurations = (
				2C178B1D25E08E5B00801786 /* Debug */,
				2C178B1E25E08E5B00801786 /* Release */,
			);
			defaultConfigurationIsVisible = 0;
			defaultConfigurationName = Release;
		};
		2C178B1F25E08E5B00801786 /* Build configuration list for PBXNativeTarget "flixAppUITests" */ = {
			isa = XCConfigurationList;
			buildConfigurations = (
				2C178B2025E08E5B00801786 /* Debug */,
				2C178B2125E08E5B00801786 /* Release */,
			);
			defaultConfigurationIsVisible = 0;
			defaultConfigurationName = Release;
		};
/* End XCConfigurationList section */
	};
	rootObject = 2C178AE725E08E5000801786 /* Project object */;
}
